{
    "name": "module-1-sri",
    "version": "1.0.0",
    "lockfileVersion": 2,
    "requires": true,
    "packages": {
        "": {
            "name": "module-1-sri",
            "version": "1.0.0",
            "license": "MIT",
            "bin": {
                "module-1-sri": "bin/global.js"
            }
        }
    }
}
